
Microsoft Visual Studio Solution File, Format Version 12.00
# Visual Studio Version 16
VisualStudioVersion = 16.0.31515.178
MinimumVisualStudioVersion = 10.0.40219.1
Project("{FAE04EC0-301F-11D3-BF4B-00C04F79EFBC}") = "SauceDemo", "SauceDemo.csproj", "{0272C275-F041-465A-9C56-A30993B02A50}"
EndProject
Global
	GlobalSection(SolutionConfigurationPlatforms) = preSolution
		Debug|Any CPU = Debug|Any CPU
		Release|Any CPU = Release|Any CPU
	EndGlobalSection
	GlobalSection(ProjectConfigurationPlatforms) = postSolution
		{0272C275-F041-465A-9C56-A30993B02A50}.Debug|Any CPU.ActiveCfg = Debug|Any CPU
		{0272C275-F041-465A-9C56-A30993B02A50}.Debug|Any CPU.Build.0 = Debug|Any CPU
		{0272C275-F041-465A-9C56-A30993B02A50}.Release|Any CPU.ActiveCfg = Release|Any CPU
		{0272C275-F041-465A-9C56-A30993B02A50}.Release|Any CPU.Build.0 = Release|Any CPU
	EndGlobalSection
	GlobalSection(SolutionProperties) = preSolution
		HideSolutionNode = FALSE
	EndGlobalSection
	GlobalSection(ExtensibilityGlobals) = postSolution
		SolutionGuid = {C76EB2C4-D177-4C55-A8D3-1FE13AED5D20}
	EndGlobalSection
EndGlobal
